# This file is automatically @generated by Cargo.
# It is not intended for manual editing.
[[package]]
name = "auto_v"
version = "0.1.0"
dependencies = [
 "matrix 0.1.0",
]

[[package]]
name = "integral"
version = "0.1.0"

[[package]]
name = "main"
version = "0.1.0"
dependencies = [
 "auto_v 0.1.0",
 "integral 0.1.0",
 "pvi 0.1.0",
]

[[package]]
name = "matrix"
version = "0.1.0"

[[package]]
name = "pvi"
version = "0.1.0"

